
Microsoft Visual Studio Solution File, Format Version 12.00
# Visual Studio 15
VisualStudioVersion = 15.0.28307.1169
MinimumVisualStudioVersion = 10.0.40219.1
Project("{FAE04EC0-301F-11D3-BF4B-00C04F79EFBC}") = "PhoneBookService", "PhoneBookService\PhoneBookService.csproj", "{653AEE8D-3B63-4FDD-9995-936A703577D4}"
EndProject
Project("{FAE04EC0-301F-11D3-BF4B-00C04F79EFBC}") = "PhoneBookDataAccess", "PhoneBookDataAccess\PhoneBookDataAccess.csproj", "{17BBF719-4377-47F2-8AF7-33262BC1BFEE}"
EndProject
Project("{FAE04EC0-301F-11D3-BF4B-00C04F79EFBC}") = "PhoneBookServiceTests", "PhoneBookServiceTests\PhoneBookServiceTests.csproj", "{155BEED1-3738-4A7B-A941-B7879AF9FB93}"
EndProject
Global
	GlobalSection(SolutionConfigurationPlatforms) = preSolution
		Debug|Any CPU = Debug|Any CPU
		Release|Any CPU = Release|Any CPU
	EndGlobalSection
	GlobalSection(ProjectConfigurationPlatforms) = postSolution
		{653AEE8D-3B63-4FDD-9995-936A703577D4}.Debug|Any CPU.ActiveCfg = Debug|Any CPU
		{653AEE8D-3B63-4FDD-9995-936A703577D4}.Debug|Any CPU.Build.0 = Debug|Any CPU
		{653AEE8D-3B63-4FDD-9995-936A703577D4}.Release|Any CPU.ActiveCfg = Release|Any CPU
		{653AEE8D-3B63-4FDD-9995-936A703577D4}.Release|Any CPU.Build.0 = Release|Any CPU
		{17BBF719-4377-47F2-8AF7-33262BC1BFEE}.Debug|Any CPU.ActiveCfg = Debug|Any CPU
		{17BBF719-4377-47F2-8AF7-33262BC1BFEE}.Debug|Any CPU.Build.0 = Debug|Any CPU
		{17BBF719-4377-47F2-8AF7-33262BC1BFEE}.Release|Any CPU.ActiveCfg = Release|Any CPU
		{17BBF719-4377-47F2-8AF7-33262BC1BFEE}.Release|Any CPU.Build.0 = Release|Any CPU
		{155BEED1-3738-4A7B-A941-B7879AF9FB93}.Debug|Any CPU.ActiveCfg = Debug|Any CPU
		{155BEED1-3738-4A7B-A941-B7879AF9FB93}.Debug|Any CPU.Build.0 = Debug|Any CPU
		{155BEED1-3738-4A7B-A941-B7879AF9FB93}.Release|Any CPU.ActiveCfg = Release|Any CPU
		{155BEED1-3738-4A7B-A941-B7879AF9FB93}.Release|Any CPU.Build.0 = Release|Any CPU
	EndGlobalSection
	GlobalSection(SolutionProperties) = preSolution
		HideSolutionNode = FALSE
	EndGlobalSection
	GlobalSection(ExtensibilityGlobals) = postSolution
		SolutionGuid = {083CEAE7-BD9A-477A-90EB-E62A6ED08456}
	EndGlobalSection
EndGlobal
